
Microsoft Visual Studio Solution File, Format Version 12.00
# Visual Studio Version 17
VisualStudioVersion = 17.7.34202.233
MinimumVisualStudioVersion = 10.0.40219.1
Project("{8BC9CEB8-8B4A-11D0-8D11-00A0C91BC942}") = "Project1.5", "Project1.5\Project1.5.vcxproj", "{DBCCCED9-4BA8-4570-82D1-6A096EE97AB7}"
EndProject
Project("{8BC9CEB8-8B4A-11D0-8D11-00A0C91BC942}") = "UnitTest1.5", "UnitTest1.5\UnitTest1.5.vcxproj", "{B0D2CF84-DD36-45FF-8662-F411C4D8E8DF}"
EndProject
Global
	GlobalSection(SolutionConfigurationPlatforms) = preSolution
		Debug|x64 = Debug|x64
		Debug|x86 = Debug|x86
		Release|x64 = Release|x64
		Release|x86 = Release|x86
	EndGlobalSection
	GlobalSection(ProjectConfigurationPlatforms) = postSolution
		{DBCCCED9-4BA8-4570-82D1-6A096EE97AB7}.Debug|x64.ActiveCfg = Debug|x64
		{DBCCCED9-4BA8-4570-82D1-6A096EE97AB7}.Debug|x64.Build.0 = Debug|x64
		{DBCCCED9-4BA8-4570-82D1-6A096EE97AB7}.Debug|x86.ActiveCfg = Debug|Win32
		{DBCCCED9-4BA8-4570-82D1-6A096EE97AB7}.Debug|x86.Build.0 = Debug|Win32
		{DBCCCED9-4BA8-4570-82D1-6A096EE97AB7}.Release|x64.ActiveCfg = Release|x64
		{DBCCCED9-4BA8-4570-82D1-6A096EE97AB7}.Release|x64.Build.0 = Release|x64
		{DBCCCED9-4BA8-4570-82D1-6A096EE97AB7}.Release|x86.ActiveCfg = Release|Win32
		{DBCCCED9-4BA8-4570-82D1-6A096EE97AB7}.Release|x86.Build.0 = Release|Win32
		{B0D2CF84-DD36-45FF-8662-F411C4D8E8DF}.Debug|x64.ActiveCfg = Debug|x64
		{B0D2CF84-DD36-45FF-8662-F411C4D8E8DF}.Debug|x64.Build.0 = Debug|x64
		{B0D2CF84-DD36-45FF-8662-F411C4D8E8DF}.Debug|x86.ActiveCfg = Debug|Win32
		{B0D2CF84-DD36-45FF-8662-F411C4D8E8DF}.Debug|x86.Build.0 = Debug|Win32
		{B0D2CF84-DD36-45FF-8662-F411C4D8E8DF}.Release|x64.ActiveCfg = Release|x64
		{B0D2CF84-DD36-45FF-8662-F411C4D8E8DF}.Release|x64.Build.0 = Release|x64
		{B0D2CF84-DD36-45FF-8662-F411C4D8E8DF}.Release|x86.ActiveCfg = Release|Win32
		{B0D2CF84-DD36-45FF-8662-F411C4D8E8DF}.Release|x86.Build.0 = Release|Win32
	EndGlobalSection
	GlobalSection(SolutionProperties) = preSolution
		HideSolutionNode = FALSE
	EndGlobalSection
	GlobalSection(ExtensibilityGlobals) = postSolution
		SolutionGuid = {7C159A23-68C7-4CD2-8659-74EB9440C506}
	EndGlobalSection
EndGlobal
